
Microsoft Visual Studio Solution File, Format Version 12.00
# Visual Studio Version 16
VisualStudioVersion = 16.0.29709.97
MinimumVisualStudioVersion = 10.0.40219.1
Project("{FAE04EC0-301F-11D3-BF4B-00C04F79EFBC}") = "ExpenseTracker", "ExpenseTracker\ExpenseTracker.csproj", "{C822267D-A26E-4DE0-AF33-EBB4B9665D7F}"
EndProject
Global
	GlobalSection(SolutionConfigurationPlatforms) = preSolution
		Debug|Any CPU = Debug|Any CPU
		Release|Any CPU = Release|Any CPU
	EndGlobalSection
	GlobalSection(ProjectConfigurationPlatforms) = postSolution
		{C822267D-A26E-4DE0-AF33-EBB4B9665D7F}.Debug|Any CPU.ActiveCfg = Debug|Any CPU
		{C822267D-A26E-4DE0-AF33-EBB4B9665D7F}.Debug|Any CPU.Build.0 = Debug|Any CPU
		{C822267D-A26E-4DE0-AF33-EBB4B9665D7F}.Release|Any CPU.ActiveCfg = Release|Any CPU
		{C822267D-A26E-4DE0-AF33-EBB4B9665D7F}.Release|Any CPU.Build.0 = Release|Any CPU
	EndGlobalSection
	GlobalSection(SolutionProperties) = preSolution
		HideSolutionNode = FALSE
	EndGlobalSection
	GlobalSection(ExtensibilityGlobals) = postSolution
		SolutionGuid = {10E1F59E-7387-4800-9AEE-8E1405B73E28}
	EndGlobalSection
EndGlobal
